PODS:
  - AFNetworking (2.6.3):
    - AFNetworking/NSURLConnection (= 2.6.3)
    - AFNetworking/NSURLSession (= 2.6.3)
    - AFNetworking/Reachability (= 2.6.3)
    - AFNetworking/Security (= 2.6.3)
    - AFNetworking/Serialization (= 2.6.3)
    - AFNetworking/UIKit (= 2.6.3)
  - AFNetworking/NSURLConnection (2.6.3):
    - AFNetworking/Reachability
    - AFNetworking/Security
    - AFNetworking/Serialization
  - AFNetworking/NSURLSession (2.6.3):
    - AFNetworking/Reachability
    - AFNetworking/Security
    - AFNetworking/Serialization
  - AFNetworking/Reachability (2.6.3)
  - AFNetworking/Security (2.6.3)
  - AFNetworking/Serialization (2.6.3)
  - AFNetworking/UIKit (2.6.3):
    - AFNetworking/NSURLConnection
    - AFNetworking/NSURLSession
  - BmobSDK (1.6.6)
  - ShareSDK3 (3.1.7):
    - ShareSDK3/libraries (= 3.1.7)
  - ShareSDK3/libraries (3.1.7)
  - ShareSDK3/ShareSDKPlatforms/QQ (3.1.7)
  - ShareSDK3/ShareSDKPlatforms/SinaWeibo (3.1.7)
  - ShareSDK3/ShareSDKPlatforms/WeChat (3.1.7)
  - ShareSDK3/ShareSDKUI (3.1.7)

DEPENDENCIES:
  - AFNetworking (~> 2.6.3)
  - BmobSDK (~> 1.6.6)
  - ShareSDK3 (~> 3.1.7)
  - ShareSDK3/ShareSDKPlatforms/QQ
  - ShareSDK3/ShareSDKPlatforms/SinaWeibo
  - ShareSDK3/ShareSDKPlatforms/WeChat
  - ShareSDK3/ShareSDKUI

SPEC CHECKSUMS:
  AFNetworking: cb8d14a848e831097108418f5d49217339d4eb60
  BmobSDK: c896d4ff3986f2b4fc8406fb2b801230f7419878
  ShareSDK3: ba3840def534272eca998ff502270209b7712567

COCOAPODS: 0.39.0
