// !$*UTF8*$!
{
	archiveVersion = 1;
	classes = {
	};
	objectVersion = 46;
	objects = {

/* Begin PBXBuildFile section */
		714257D61C01E2330070DF76 /* GuidePageViewController.m in Sources */ = {isa = PBXBuildFile; fileRef = 714257D51C01E2330070DF76 /* GuidePageViewController.m */; settings = {ASSET_TAGS = (); }; };
		715CB76D1BF99B1A0079DB35 /* shareImg.png in Resources */ = {isa = PBXBuildFile; fileRef = 715CB76C1BF99B1A0079DB35 /* shareImg.png */; settings = {ASSET_TAGS = (); }; };
		717902EA1BF48FC100428756 /* main.m in Sources */ = {isa = PBXBuildFile; fileRef = 717902E91BF48FC100428756 /* main.m */; };
		717902ED1BF48FC100428756 /* AppDelegate.m in Sources */ = {isa = PBXBuildFile; fileRef = 717902EC1BF48FC100428756 /* AppDelegate.m */; };
		717902F01BF48FC100428756 /* MainViewController.m in Sources */ = {isa = PBXBuildFile; fileRef = 717902EF1BF48FC100428756 /* MainViewController.m */; };
		717902F31BF48FC100428756 /* Main.storyboard in Resources */ = {isa = PBXBuildFile; fileRef = 717902F11BF48FC100428756 /* Main.storyboard */; };
		717902F51BF48FC100428756 /* Assets.xcassets in Resources */ = {isa = PBXBuildFile; fileRef = 717902F41BF48FC100428756 /* Assets.xcassets */; };
		717902F81BF48FC100428756 /* LaunchScreen.storyboard in Resources */ = {isa = PBXBuildFile; fileRef = 717902F61BF48FC100428756 /* LaunchScreen.storyboard */; };
		717903031BF48FC200428756 /* OncenoteTests.m in Sources */ = {isa = PBXBuildFile; fileRef = 717903021BF48FC200428756 /* OncenoteTests.m */; };
		7179030E1BF48FC200428756 /* OncenoteUITests.m in Sources */ = {isa = PBXBuildFile; fileRef = 7179030D1BF48FC200428756 /* OncenoteUITests.m */; };
		717903131BF48FC200428756 /* Oncenote WatchKit App.app in Embed Watch Content */ = {isa = PBXBuildFile; fileRef = 717903121BF48FC200428756 /* Oncenote WatchKit App.app */; };
		717903191BF48FC200428756 /* Interface.storyboard in Resources */ = {isa = PBXBuildFile; fileRef = 717903171BF48FC200428756 /* Interface.storyboard */; };
		7179031B1BF48FC200428756 /* Assets.xcassets in Resources */ = {isa = PBXBuildFile; fileRef = 7179031A1BF48FC200428756 /* Assets.xcassets */; };
		717903221BF48FC200428756 /* Oncenote WatchKit Extension.appex in Embed App Extensions */ = {isa = PBXBuildFile; fileRef = 717903211BF48FC200428756 /* Oncenote WatchKit Extension.appex */; settings = {ATTRIBUTES = (RemoveHeadersOnCopy, ); }; };
		7179032A1BF48FC200428756 /* InterfaceController.m in Sources */ = {isa = PBXBuildFile; fileRef = 717903291BF48FC200428756 /* InterfaceController.m */; };
		7179032D1BF48FC200428756 /* ExtensionDelegate.m in Sources */ = {isa = PBXBuildFile; fileRef = 7179032C1BF48FC200428756 /* ExtensionDelegate.m */; };
		717903301BF48FC200428756 /* NotificationController.m in Sources */ = {isa = PBXBuildFile; fileRef = 7179032F1BF48FC200428756 /* NotificationController.m */; };
		717903331BF48FC200428756 /* GlanceController.m in Sources */ = {isa = PBXBuildFile; fileRef = 717903321BF48FC200428756 /* GlanceController.m */; };
		717903351BF48FC200428756 /* Assets.xcassets in Resources */ = {isa = PBXBuildFile; fileRef = 717903341BF48FC200428756 /* Assets.xcassets */; };
		718FF3A31BF623B7009A3F6D /* AddNoteViewController.m in Sources */ = {isa = PBXBuildFile; fileRef = 718FF3A21BF623B7009A3F6D /* AddNoteViewController.m */; settings = {ASSET_TAGS = (); }; };
		718FF3A71BF63687009A3F6D /* Constant.m in Sources */ = {isa = PBXBuildFile; fileRef = 718FF3A61BF63687009A3F6D /* Constant.m */; settings = {ASSET_TAGS = (); }; };
		719AF3981BFA2F6E009D602D /* MOBFoundation.framework in Frameworks */ = {isa = PBXBuildFile; fileRef = 719AF3961BFA2F6E009D602D /* MOBFoundation.framework */; settings = {ASSET_TAGS = (); }; };
		719AF3991BFA2F6E009D602D /* SMS_SDK.framework in Frameworks */ = {isa = PBXBuildFile; fileRef = 719AF3971BFA2F6E009D602D /* SMS_SDK.framework */; settings = {ASSET_TAGS = (); }; };
		719AF39B1BFA2FED009D602D /* JavaScriptCore.framework in Frameworks */ = {isa = PBXBuildFile; fileRef = 719AF39A1BFA2FED009D602D /* JavaScriptCore.framework */; };
		719AF39D1BFA3014009D602D /* Security.framework in Frameworks */ = {isa = PBXBuildFile; fileRef = 719AF39C1BFA3014009D602D /* Security.framework */; };
		719AF39F1BFA3026009D602D /* MessageUI.framework in Frameworks */ = {isa = PBXBuildFile; fileRef = 719AF39E1BFA3026009D602D /* MessageUI.framework */; };
		719AF3A11BFA3035009D602D /* AddressBook.framework in Frameworks */ = {isa = PBXBuildFile; fileRef = 719AF3A01BFA3035009D602D /* AddressBook.framework */; };
		719AF3A31BFA304C009D602D /* AddressBookUI.framework in Frameworks */ = {isa = PBXBuildFile; fileRef = 719AF3A21BFA304C009D602D /* AddressBookUI.framework */; };
		719AF3A51BFA306B009D602D /* CoreGraphics.framework in Frameworks */ = {isa = PBXBuildFile; fileRef = 719AF3A41BFA306B009D602D /* CoreGraphics.framework */; };
		719AF3A71BFA3081009D602D /* UIKit.framework in Frameworks */ = {isa = PBXBuildFile; fileRef = 719AF3A61BFA3081009D602D /* UIKit.framework */; };
		719AF3A91BFA308F009D602D /* Foundation.framework in Frameworks */ = {isa = PBXBuildFile; fileRef = 719AF3A81BFA308F009D602D /* Foundation.framework */; };
		719AF3BA1BFB0440009D602D /* SettingViewController.m in Sources */ = {isa = PBXBuildFile; fileRef = 719AF3B91BFB0440009D602D /* SettingViewController.m */; settings = {ASSET_TAGS = (); }; };
		719AF3BD1BFB10CD009D602D /* SettingList.m in Sources */ = {isa = PBXBuildFile; fileRef = 719AF3BC1BFB10CD009D602D /* SettingList.m */; settings = {ASSET_TAGS = (); }; };
		719AF3C01BFB18DE009D602D /* NicknameViewController.m in Sources */ = {isa = PBXBuildFile; fileRef = 719AF3BF1BFB18DE009D602D /* NicknameViewController.m */; settings = {ASSET_TAGS = (); }; };
		719AF3C31BFB5973009D602D /* AboutAppViewController.m in Sources */ = {isa = PBXBuildFile; fileRef = 719AF3C21BFB5973009D602D /* AboutAppViewController.m */; settings = {ASSET_TAGS = (); }; };
		719AF3C61BFB5E21009D602D /* UpdatePasswordViewController.m in Sources */ = {isa = PBXBuildFile; fileRef = 719AF3C51BFB5E21009D602D /* UpdatePasswordViewController.m */; settings = {ASSET_TAGS = (); }; };
		719AF3C91BFC4CB3009D602D /* ForgetPasswordViewController.m in Sources */ = {isa = PBXBuildFile; fileRef = 719AF3C81BFC4CB3009D602D /* ForgetPasswordViewController.m */; settings = {ASSET_TAGS = (); }; };
		71A793751BF5B5F000410FFC /* LoginViewController.m in Sources */ = {isa = PBXBuildFile; fileRef = 71A793741BF5B5F000410FFC /* LoginViewController.m */; settings = {ASSET_TAGS = (); }; };
		71A793781BF5CDCA00410FFC /* RegisterViewController.m in Sources */ = {isa = PBXBuildFile; fileRef = 71A793771BF5CDCA00410FFC /* RegisterViewController.m */; settings = {ASSET_TAGS = (); }; };
		71A7937C1BF5E75600410FFC /* BmobOperation.m in Sources */ = {isa = PBXBuildFile; fileRef = 71A7937B1BF5E75600410FFC /* BmobOperation.m */; settings = {ASSET_TAGS = (); }; };
		71BEC27E1BF717190003F173 /* Notes.m in Sources */ = {isa = PBXBuildFile; fileRef = 71BEC27D1BF717190003F173 /* Notes.m */; settings = {ASSET_TAGS = (); }; };
		71BEC2811BF753080003F173 /* NoteDetailViewController.m in Sources */ = {isa = PBXBuildFile; fileRef = 71BEC2801BF753080003F173 /* NoteDetailViewController.m */; settings = {ASSET_TAGS = (); }; };
		71BEC2841BF76C6F0003F173 /* AllNotesViewController.m in Sources */ = {isa = PBXBuildFile; fileRef = 71BEC2831BF76C6F0003F173 /* AllNotesViewController.m */; settings = {ASSET_TAGS = (); }; };
		71BEC2871BF8485D0003F173 /* AllNoteDetailViewController.m in Sources */ = {isa = PBXBuildFile; fileRef = 71BEC2861BF8485D0003F173 /* AllNoteDetailViewController.m */; settings = {ASSET_TAGS = (); }; };
		71BEC28A1BF8BC100003F173 /* LaunchScreenViewController.m in Sources */ = {isa = PBXBuildFile; fileRef = 71BEC2891BF8BC100003F173 /* LaunchScreenViewController.m */; settings = {ASSET_TAGS = (); }; };
		71BEC28E1BF8C7830003F173 /* AllUtils.m in Sources */ = {isa = PBXBuildFile; fileRef = 71BEC28D1BF8C7830003F173 /* AllUtils.m */; settings = {ASSET_TAGS = (); }; };
		FAC95080E1299F0315B3C301 /* libPods.a in Frameworks */ = {isa = PBXBuildFile; fileRef = 52A3A8C36BAD439F0DCC8BC9 /* libPods.a */; };
/* End PBXBuildFile section */

/* Begin PBXContainerItemProxy section */
		717902FF1BF48FC200428756 /* PBXContainerItemProxy */ = {
			isa = PBXContainerItemProxy;
			containerPortal = 717902DD1BF48FC100428756 /* Project object */;
			proxyType = 1;
			remoteGlobalIDString = 717902E41BF48FC100428756;
			remoteInfo = Oncenote;
		};
		7179030A1BF48FC200428756 /* PBXContainerItemProxy */ = {
			isa = PBXContainerItemProxy;
			containerPortal = 717902DD1BF48FC100428756 /* Project object */;
			proxyType = 1;
			remoteGlobalIDString = 717902E41BF48FC100428756;
			remoteInfo = Oncenote;
		};
		717903141BF48FC200428756 /* PBXContainerItemProxy */ = {
			isa = PBXContainerItemProxy;
			containerPortal = 717902DD1BF48FC100428756 /* Project object */;
			proxyType = 1;
			remoteGlobalIDString = 717903111BF48FC200428756;
			remoteInfo = "Oncenote WatchKit App";
		};
		717903231BF48FC200428756 /* PBXContainerItemProxy */ = {
			isa = PBXContainerItemProxy;
			containerPortal = 717902DD1BF48FC100428756 /* Project object */;
			proxyType = 1;
			remoteGlobalIDString = 717903201BF48FC200428756;
			remoteInfo = "Oncenote WatchKit Extension";
		};
/* End PBXContainerItemProxy section */

/* Begin PBXCopyFilesBuildPhase section */
		7179033C1BF48FC200428756 /* Embed App Extensions */ = {
			isa = PBXCopyFilesBuildPhase;
			buildActionMask = 2147483647;
			dstPath = "";
			dstSubfolderSpec = 13;
			files = (
				717903221BF48FC200428756 /* Oncenote WatchKit Extension.appex in Embed App Extensions */,
			);
			name = "Embed App Extensions";
			runOnlyForDeploymentPostprocessing = 0;
		};
		717903401BF48FC200428756 /* Embed Watch Content */ = {
			isa = PBXCopyFilesBuildPhase;
			buildActionMask = 2147483647;
			dstPath = "$(CONTENTS_FOLDER_PATH)/Watch";
			dstSubfolderSpec = 16;
			files = (
				717903131BF48FC200428756 /* Oncenote WatchKit App.app in Embed Watch Content */,
			);
			name = "Embed Watch Content";
			runOnlyForDeploymentPostprocessing = 0;
		};
/* End PBXCopyFilesBuildPhase section */

/* Begin PBXFileReference section */
		042E519FF0D448E00C6B94EE /* Pods.debug.xcconfig */ = {isa = PBXFileReference; includeInIndex = 1; lastKnownFileType = text.xcconfig; name = Pods.debug.xcconfig; path = "Pods/Target Support Files/Pods/Pods.debug.xcconfig"; sourceTree = "<group>"; };
		52A3A8C36BAD439F0DCC8BC9 /* libPods.a */ = {isa = PBXFileReference; explicitFileType = archive.ar; includeInIndex = 0; path = libPods.a; sourceTree = BUILT_PRODUCTS_DIR; };
		714257D41C01E2330070DF76 /* GuidePageViewController.h */ = {isa = PBXFileReference; fileEncoding = 4; lastKnownFileType = sourcecode.c.h; path = GuidePageViewController.h; sourceTree = "<group>"; };
		714257D51C01E2330070DF76 /* GuidePageViewController.m */ = {isa = PBXFileReference; fileEncoding = 4; lastKnownFileType = sourcecode.c.objc; path = GuidePageViewController.m; sourceTree = "<group>"; };
		715CB76C1BF99B1A0079DB35 /* shareImg.png */ = {isa = PBXFileReference; lastKnownFileType = image.png; path = shareImg.png; sourceTree = "<group>"; };
		717902E51BF48FC100428756 /* Oncenote.app */ = {isa = PBXFileReference; explicitFileType = wrapper.application; includeInIndex = 0; path = Oncenote.app; sourceTree = BUILT_PRODUCTS_DIR; };
		717902E91BF48FC100428756 /* main.m */ = {isa = PBXFileReference; lastKnownFileType = sourcecode.c.objc; path = main.m; sourceTree = "<group>"; };
		717902EB1BF48FC100428756 /* AppDelegate.h */ = {isa = PBXFileReference; lastKnownFileType = sourcecode.c.h; path = AppDelegate.h; sourceTree = "<group>"; };
		717902EC1BF48FC100428756 /* AppDelegate.m */ = {isa = PBXFileReference; lastKnownFileType = sourcecode.c.objc; path = AppDelegate.m; sourceTree = "<group>"; };
		717902EE1BF48FC100428756 /* MainViewController.h */ = {isa = PBXFileReference; lastKnownFileType = sourcecode.c.h; path = MainViewController.h; sourceTree = "<group>"; };
		717902EF1BF48FC100428756 /* MainViewController.m */ = {isa = PBXFileReference; lastKnownFileType = sourcecode.c.objc; path = MainViewController.m; sourceTree = "<group>"; };
		717902F21BF48FC100428756 /* Base */ = {isa = PBXFileReference; lastKnownFileType = file.storyboard; name = Base; path = Base.lproj/Main.storyboard; sourceTree = "<group>"; };
		717902F41BF48FC100428756 /* Assets.xcassets */ = {isa = PBXFileReference; lastKnownFileType = folder.assetcatalog; path = Assets.xcassets; sourceTree = "<group>"; };
		717902F71BF48FC100428756 /* Base */ = {isa = PBXFileReference; lastKnownFileType = file.storyboard; name = Base; path = Base.lproj/LaunchScreen.storyboard; sourceTree = "<group>"; };
		717902F91BF48FC100428756 /* Info.plist */ = {isa = PBXFileReference; lastKnownFileType = text.plist.xml; path = Info.plist; sourceTree = "<group>"; };
		717902FE1BF48FC200428756 /* OncenoteTests.xctest */ = {isa = PBXFileReference; explicitFileType = wrapper.cfbundle; includeInIndex = 0; path = OncenoteTests.xctest; sourceTree = BUILT_PRODUCTS_DIR; };
		717903021BF48FC200428756 /* OncenoteTests.m */ = {isa = PBXFileReference; lastKnownFileType = sourcecode.c.objc; path = OncenoteTests.m; sourceTree = "<group>"; };
		717903041BF48FC200428756 /* Info.plist */ = {isa = PBXFileReference; lastKnownFileType = text.plist.xml; path = Info.plist; sourceTree = "<group>"; };
		717903091BF48FC200428756 /* OncenoteUITests.xctest */ = {isa = PBXFileReference; explicitFileType = wrapper.cfbundle; includeInIndex = 0; path = OncenoteUITests.xctest; sourceTree = BUILT_PRODUCTS_DIR; };
		7179030D1BF48FC200428756 /* OncenoteUITests.m */ = {isa = PBXFileReference; lastKnownFileType = sourcecode.c.objc; path = OncenoteUITests.m; sourceTree = "<group>"; };
		7179030F1BF48FC200428756 /* Info.plist */ = {isa = PBXFileReference; lastKnownFileType = text.plist.xml; path = Info.plist; sourceTree = "<group>"; };
		717903121BF48FC200428756 /* Oncenote WatchKit App.app */ = {isa = PBXFileReference; explicitFileType = wrapper.application; includeInIndex = 0; path = "Oncenote WatchKit App.app"; sourceTree = BUILT_PRODUCTS_DIR; };
		717903181BF48FC200428756 /* Base */ = {isa = PBXFileReference; lastKnownFileType = file.storyboard; name = Base; path = Base.lproj/Interface.storyboard; sourceTree = "<group>"; };
		7179031A1BF48FC200428756 /* Assets.xcassets */ = {isa = PBXFileReference; lastKnownFileType = folder.assetcatalog; path = Assets.xcassets; sourceTree = "<group>"; };
		7179031C1BF48FC200428756 /* Info.plist */ = {isa = PBXFileReference; lastKnownFileType = text.plist.xml; path = Info.plist; sourceTree = "<group>"; };
		717903211BF48FC200428756 /* Oncenote WatchKit Extension.appex */ = {isa = PBXFileReference; explicitFileType = "wrapper.app-extension"; includeInIndex = 0; path = "Oncenote WatchKit Extension.appex"; sourceTree = BUILT_PRODUCTS_DIR; };
		717903271BF48FC200428756 /* PushNotificationPayload.apns */ = {isa = PBXFileReference; lastKnownFileType = text; path = PushNotificationPayload.apns; sourceTree = "<group>"; };
		717903281BF48FC200428756 /* InterfaceController.h */ = {isa = PBXFileReference; lastKnownFileType = sourcecode.c.h; path = InterfaceController.h; sourceTree = "<group>"; };
		717903291BF48FC200428756 /* InterfaceController.m */ = {isa = PBXFileReference; lastKnownFileType = sourcecode.c.objc; path = InterfaceController.m; sourceTree = "<group>"; };
		7179032B1BF48FC200428756 /* ExtensionDelegate.h */ = {isa = PBXFileReference; lastKnownFileType = sourcecode.c.h; path = ExtensionDelegate.h; sourceTree = "<group>"; };
		7179032C1BF48FC200428756 /* ExtensionDelegate.m */ = {isa = PBXFileReference; lastKnownFileType = sourcecode.c.objc; path = ExtensionDelegate.m; sourceTree = "<group>"; };
		7179032E1BF48FC200428756 /* NotificationController.h */ = {isa = PBXFileReference; lastKnownFileType = sourcecode.c.h; path = NotificationController.h; sourceTree = "<group>"; };
		7179032F1BF48FC200428756 /* NotificationController.m */ = {isa = PBXFileReference; lastKnownFileType = sourcecode.c.objc; path = NotificationController.m; sourceTree = "<group>"; };
		717903311BF48FC200428756 /* GlanceController.h */ = {isa = PBXFileReference; lastKnownFileType = sourcecode.c.h; path = GlanceController.h; sourceTree = "<group>"; };
		717903321BF48FC200428756 /* GlanceController.m */ = {isa = PBXFileReference; lastKnownFileType = sourcecode.c.objc; path = GlanceController.m; sourceTree = "<group>"; };
		717903341BF48FC200428756 /* Assets.xcassets */ = {isa = PBXFileReference; lastKnownFileType = folder.assetcatalog; path = Assets.xcassets; sourceTree = "<group>"; };
		717903361BF48FC200428756 /* Info.plist */ = {isa = PBXFileReference; lastKnownFileType = text.plist.xml; path = Info.plist; sourceTree = "<group>"; };
		718FF3A11BF623B7009A3F6D /* AddNoteViewController.h */ = {isa = PBXFileReference; fileEncoding = 4; lastKnownFileType = sourcecode.c.h; path = AddNoteViewController.h; sourceTree = "<group>"; };
		718FF3A21BF623B7009A3F6D /* AddNoteViewController.m */ = {isa = PBXFileReference; fileEncoding = 4; lastKnownFileType = sourcecode.c.objc; path = AddNoteViewController.m; sourceTree = "<group>"; };
		718FF3A51BF63687009A3F6D /* Constant.h */ = {isa = PBXFileReference; fileEncoding = 4; lastKnownFileType = sourcecode.c.h; path = Constant.h; sourceTree = "<group>"; };
		718FF3A61BF63687009A3F6D /* Constant.m */ = {isa = PBXFileReference; fileEncoding = 4; lastKnownFileType = sourcecode.c.objc; path = Constant.m; sourceTree = "<group>"; };
		719AF3961BFA2F6E009D602D /* MOBFoundation.framework */ = {isa = PBXFileReference; lastKnownFileType = wrapper.framework; path = MOBFoundation.framework; sourceTree = "<group>"; };
		719AF3971BFA2F6E009D602D /* SMS_SDK.framework */ = {isa = PBXFileReference; lastKnownFileType = wrapper.framework; path = SMS_SDK.framework; sourceTree = "<group>"; };
		719AF39A1BFA2FED009D602D /* JavaScriptCore.framework */ = {isa = PBXFileReference; lastKnownFileType = wrapper.framework; name = JavaScriptCore.framework; path = System/Library/Frameworks/JavaScriptCore.framework; sourceTree = SDKROOT; };
		719AF39C1BFA3014009D602D /* Security.framework */ = {isa = PBXFileReference; lastKnownFileType = wrapper.framework; name = Security.framework; path = System/Library/Frameworks/Security.framework; sourceTree = SDKROOT; };
		719AF39E1BFA3026009D602D /* MessageUI.framework */ = {isa = PBXFileReference; lastKnownFileType = wrapper.framework; name = MessageUI.framework; path = System/Library/Frameworks/MessageUI.framework; sourceTree = SDKROOT; };
		719AF3A01BFA3035009D602D /* AddressBook.framework */ = {isa = PBXFileReference; lastKnownFileType = wrapper.framework; name = AddressBook.framework; path = System/Library/Frameworks/AddressBook.framework; sourceTree = SDKROOT; };
		719AF3A21BFA304C009D602D /* AddressBookUI.framework */ = {isa = PBXFileReference; lastKnownFileType = wrapper.framework; name = AddressBookUI.framework; path = System/Library/Frameworks/AddressBookUI.framework; sourceTree = SDKROOT; };
		719AF3A41BFA306B009D602D /* CoreGraphics.framework */ = {isa = PBXFileReference; lastKnownFileType = wrapper.framework; name = CoreGraphics.framework; path = System/Library/Frameworks/CoreGraphics.framework; sourceTree = SDKROOT; };
		719AF3A61BFA3081009D602D /* UIKit.framework */ = {isa = PBXFileReference; lastKnownFileType = wrapper.framework; name = UIKit.framework; path = System/Library/Frameworks/UIKit.framework; sourceTree = SDKROOT; };
		719AF3A81BFA308F009D602D /* Foundation.framework */ = {isa = PBXFileReference; lastKnownFileType = wrapper.framework; name = Foundation.framework; path = System/Library/Frameworks/Foundation.framework; sourceTree = SDKROOT; };
		719AF3B81BFB0440009D602D /* SettingViewController.h */ = {isa = PBXFileReference; fileEncoding = 4; lastKnownFileType = sourcecode.c.h; path = SettingViewController.h; sourceTree = "<group>"; };
		719AF3B91BFB0440009D602D /* SettingViewController.m */ = {isa = PBXFileReference; fileEncoding = 4; lastKnownFileType = sourcecode.c.objc; path = SettingViewController.m; sourceTree = "<group>"; };
		719AF3BB1BFB10CD009D602D /* SettingList.h */ = {isa = PBXFileReference; fileEncoding = 4; lastKnownFileType = sourcecode.c.h; path = SettingList.h; sourceTree = "<group>"; };
		719AF3BC1BFB10CD009D602D /* SettingList.m */ = {isa = PBXFileReference; fileEncoding = 4; lastKnownFileType = sourcecode.c.objc; path = SettingList.m; sourceTree = "<group>"; };
		719AF3BE1BFB18DE009D602D /* NicknameViewController.h */ = {isa = PBXFileReference; fileEncoding = 4; lastKnownFileType = sourcecode.c.h; path = NicknameViewController.h; sourceTree = "<group>"; };
		719AF3BF1BFB18DE009D602D /* NicknameViewController.m */ = {isa = PBXFileReference; fileEncoding = 4; lastKnownFileType = sourcecode.c.objc; path = NicknameViewController.m; sourceTree = "<group>"; };
		719AF3C11BFB5973009D602D /* AboutAppViewController.h */ = {isa = PBXFileReference; fileEncoding = 4; lastKnownFileType = sourcecode.c.h; path = AboutAppViewController.h; sourceTree = "<group>"; };
		719AF3C21BFB5973009D602D /* AboutAppViewController.m */ = {isa = PBXFileReference; fileEncoding = 4; lastKnownFileType = sourcecode.c.objc; path = AboutAppViewController.m; sourceTree = "<group>"; };
		719AF3C41BFB5E21009D602D /* UpdatePasswordViewController.h */ = {isa = PBXFileReference; fileEncoding = 4; lastKnownFileType = sourcecode.c.h; path = UpdatePasswordViewController.h; sourceTree = "<group>"; };
		719AF3C51BFB5E21009D602D /* UpdatePasswordViewController.m */ = {isa = PBXFileReference; fileEncoding = 4; lastKnownFileType = sourcecode.c.objc; path = UpdatePasswordViewController.m; sourceTree = "<group>"; };
		719AF3C71BFC4CB3009D602D /* ForgetPasswordViewController.h */ = {isa = PBXFileReference; fileEncoding = 4; lastKnownFileType = sourcecode.c.h; path = ForgetPasswordViewController.h; sourceTree = "<group>"; };
		719AF3C81BFC4CB3009D602D /* ForgetPasswordViewController.m */ = {isa = PBXFileReference; fileEncoding = 4; lastKnownFileType = sourcecode.c.objc; path = ForgetPasswordViewController.m; sourceTree = "<group>"; };
		71A793731BF5B5F000410FFC /* LoginViewController.h */ = {isa = PBXFileReference; fileEncoding = 4; lastKnownFileType = sourcecode.c.h; path = LoginViewController.h; sourceTree = "<group>"; };
		71A793741BF5B5F000410FFC /* LoginViewController.m */ = {isa = PBXFileReference; fileEncoding = 4; lastKnownFileType = sourcecode.c.objc; path = LoginViewController.m; sourceTree = "<group>"; };
		71A793761BF5CDCA00410FFC /* RegisterViewController.h */ = {isa = PBXFileReference; fileEncoding = 4; lastKnownFileType = sourcecode.c.h; path = RegisterViewController.h; sourceTree = "<group>"; };
		71A793771BF5CDCA00410FFC /* RegisterViewController.m */ = {isa = PBXFileReference; fileEncoding = 4; lastKnownFileType = sourcecode.c.objc; path = RegisterViewController.m; sourceTree = "<group>"; };
		71A7937A1BF5E75600410FFC /* BmobOperation.h */ = {isa = PBXFileReference; fileEncoding = 4; lastKnownFileType = sourcecode.c.h; path = BmobOperation.h; sourceTree = "<group>"; };
		71A7937B1BF5E75600410FFC /* BmobOperation.m */ = {isa = PBXFileReference; fileEncoding = 4; lastKnownFileType = sourcecode.c.objc; path = BmobOperation.m; sourceTree = "<group>"; };
		71BEC27C1BF717190003F173 /* Notes.h */ = {isa = PBXFileReference; fileEncoding = 4; lastKnownFileType = sourcecode.c.h; path = Notes.h; sourceTree = "<group>"; };
		71BEC27D1BF717190003F173 /* Notes.m */ = {isa = PBXFileReference; fileEncoding = 4; lastKnownFileType = sourcecode.c.objc; path = Notes.m; sourceTree = "<group>"; };
		71BEC27F1BF753080003F173 /* NoteDetailViewController.h */ = {isa = PBXFileReference; fileEncoding = 4; lastKnownFileType = sourcecode.c.h; path = NoteDetailViewController.h; sourceTree = "<group>"; };
		71BEC2801BF753080003F173 /* NoteDetailViewController.m */ = {isa = PBXFileReference; fileEncoding = 4; lastKnownFileType = sourcecode.c.objc; path = NoteDetailViewController.m; sourceTree = "<group>"; };
		71BEC2821BF76C6F0003F173 /* AllNotesViewController.h */ = {isa = PBXFileReference; fileEncoding = 4; lastKnownFileType = sourcecode.c.h; path = AllNotesViewController.h; sourceTree = "<group>"; };
		71BEC2831BF76C6F0003F173 /* AllNotesViewController.m */ = {isa = PBXFileReference; fileEncoding = 4; lastKnownFileType = sourcecode.c.objc; path = AllNotesViewController.m; sourceTree = "<group>"; };
		71BEC2851BF8485D0003F173 /* AllNoteDetailViewController.h */ = {isa = PBXFileReference; fileEncoding = 4; lastKnownFileType = sourcecode.c.h; path = AllNoteDetailViewController.h; sourceTree = "<group>"; };
		71BEC2861BF8485D0003F173 /* AllNoteDetailViewController.m */ = {isa = PBXFileReference; fileEncoding = 4; lastKnownFileType = sourcecode.c.objc; path = AllNoteDetailViewController.m; sourceTree = "<group>"; };
		71BEC2881BF8BC100003F173 /* LaunchScreenViewController.h */ = {isa = PBXFileReference; fileEncoding = 4; lastKnownFileType = sourcecode.c.h; path = LaunchScreenViewController.h; sourceTree = "<group>"; };
		71BEC2891BF8BC100003F173 /* LaunchScreenViewController.m */ = {isa = PBXFileReference; fileEncoding = 4; lastKnownFileType = sourcecode.c.objc; path = LaunchScreenViewController.m; sourceTree = "<group>"; };
		71BEC28C1BF8C7830003F173 /* AllUtils.h */ = {isa = PBXFileReference; fileEncoding = 4; lastKnownFileType = sourcecode.c.h; path = AllUtils.h; sourceTree = "<group>"; };
		71BEC28D1BF8C7830003F173 /* AllUtils.m */ = {isa = PBXFileReference; fileEncoding = 4; lastKnownFileType = sourcecode.c.objc; path = AllUtils.m; sourceTree = "<group>"; };
		C6D3406A90F2A54E2CBA0100 /* Pods.release.xcconfig */ = {isa = PBXFileReference; includeInIndex = 1; lastKnownFileType = text.xcconfig; name = Pods.release.xcconfig; path = "Pods/Target Support Files/Pods/Pods.release.xcconfig"; sourceTree = "<group>"; };
/* End PBXFileReference section */

/* Begin PBXFrameworksBuildPhase section */
		717902E21BF48FC100428756 /* Frameworks */ = {
			isa = PBXFrameworksBuildPhase;
			buildActionMask = 2147483647;
			files = (
				719AF3A91BFA308F009D602D /* Foundation.framework in Frameworks */,
				719AF3A71BFA3081009D602D /* UIKit.framework in Frameworks */,
				719AF3A51BFA306B009D602D /* CoreGraphics.framework in Frameworks */,
				719AF3A31BFA304C009D602D /* AddressBookUI.framework in Frameworks */,
				719AF3A11BFA3035009D602D /* AddressBook.framework in Frameworks */,
				719AF39F1BFA3026009D602D /* MessageUI.framework in Frameworks */,
				719AF39D1BFA3014009D602D /* Security.framework in Frameworks */,
				719AF39B1BFA2FED009D602D /* JavaScriptCore.framework in Frameworks */,
				719AF3991BFA2F6E009D602D /* SMS_SDK.framework in Frameworks */,
				719AF3981BFA2F6E009D602D /* MOBFoundation.framework in Frameworks */,
				FAC95080E1299F0315B3C301 /* libPods.a in Frameworks */,
			);
			runOnlyForDeploymentPostprocessing = 0;
		};
		717902FB1BF48FC200428756 /* Frameworks */ = {
			isa = PBXFrameworksBuildPhase;
			buildActionMask = 2147483647;
			files = (
			);
			runOnlyForDeploymentPostprocessing = 0;
		};
		717903061BF48FC200428756 /* Frameworks */ = {
			isa = PBXFrameworksBuildPhase;
			buildActionMask = 2147483647;
			files = (
			);
			runOnlyForDeploymentPostprocessing = 0;
		};
		7179031E1BF48FC200428756 /* Frameworks */ = {
			isa = PBXFrameworksBuildPhase;
			buildActionMask = 2147483647;
			files = (
			);
			runOnlyForDeploymentPostprocessing = 0;
		};
/* End PBXFrameworksBuildPhase section */

/* Begin PBXGroup section */
		0FD97669C071D9E5082002EC /* Frameworks */ = {
			isa = PBXGroup;
			children = (
				719AF3A81BFA308F009D602D /* Foundation.framework */,
				719AF3A61BFA3081009D602D /* UIKit.framework */,
				719AF3A41BFA306B009D602D /* CoreGraphics.framework */,
				719AF3A21BFA304C009D602D /* AddressBookUI.framework */,
				719AF3A01BFA3035009D602D /* AddressBook.framework */,
				719AF39E1BFA3026009D602D /* MessageUI.framework */,
				719AF39C1BFA3014009D602D /* Security.framework */,
				719AF39A1BFA2FED009D602D /* JavaScriptCore.framework */,
				52A3A8C36BAD439F0DCC8BC9 /* libPods.a */,
			);
			name = Frameworks;
			sourceTree = "<group>";
		};
		717902DC1BF48FC100428756 = {
			isa = PBXGroup;
			children = (
				717902E71BF48FC100428756 /* Oncenote */,
				717903011BF48FC200428756 /* OncenoteTests */,
				7179030C1BF48FC200428756 /* OncenoteUITests */,
				717903161BF48FC200428756 /* Oncenote WatchKit App */,
				717903251BF48FC200428756 /* Oncenote WatchKit Extension */,
				717902E61BF48FC100428756 /* Products */,
				8B14324862D18D17F50003F0 /* Pods */,
				0FD97669C071D9E5082002EC /* Frameworks */,
			);
			sourceTree = "<group>";
		};
		717902E61BF48FC100428756 /* Products */ = {
			isa = PBXGroup;
			children = (
				717902E51BF48FC100428756 /* Oncenote.app */,
				717902FE1BF48FC200428756 /* OncenoteTests.xctest */,
				717903091BF48FC200428756 /* OncenoteUITests.xctest */,
				717903121BF48FC200428756 /* Oncenote WatchKit App.app */,
				717903211BF48FC200428756 /* Oncenote WatchKit Extension.appex */,
			);
			name = Products;
			sourceTree = "<group>";
		};
		717902E71BF48FC100428756 /* Oncenote */ = {
			isa = PBXGroup;
			children = (
				719AF3951BFA2F5A009D602D /* libs */,
				71BEC28B1BF8C7540003F173 /* Utils */,
				718FF3A41BF63664009A3F6D /* Model */,
				71A793801BF5E7AD00410FFC /* Resource */,
				71A7937F1BF5E79F00410FFC /* View */,
				71A7937E1BF5E78100410FFC /* Other */,
				71A7937D1BF5E76800410FFC /* ViewController */,
				71A793791BF5E6B400410FFC /* BmobUtils */,
				717902E81BF48FC100428756 /* Supporting Files */,
			);
			path = Oncenote;
			sourceTree = "<group>";
		};
		717902E81BF48FC100428756 /* Supporting Files */ = {
			isa = PBXGroup;
			children = (
				717902E91BF48FC100428756 /* main.m */,
			);
			name = "Supporting Files";
			sourceTree = "<group>";
		};
		717903011BF48FC200428756 /* OncenoteTests */ = {
			isa = PBXGroup;
			children = (
				717903021BF48FC200428756 /* OncenoteTests.m */,
				717903041BF48FC200428756 /* Info.plist */,
			);
			path = OncenoteTests;
			sourceTree = "<group>";
		};
		7179030C1BF48FC200428756 /* OncenoteUITests */ = {
			isa = PBXGroup;
			children = (
				7179030D1BF48FC200428756 /* OncenoteUITests.m */,
				7179030F1BF48FC200428756 /* Info.plist */,
			);
			path = OncenoteUITests;
			sourceTree = "<group>";
		};
		717903161BF48FC200428756 /* Oncenote WatchKit App */ = {
			isa = PBXGroup;
			children = (
				717903171BF48FC200428756 /* Interface.storyboard */,
				7179031A1BF48FC200428756 /* Assets.xcassets */,
				7179031C1BF48FC200428756 /* Info.plist */,
			);
			path = "Oncenote WatchKit App";
			sourceTree = "<group>";
		};
		717903251BF48FC200428756 /* Oncenote WatchKit Extension */ = {
			isa = PBXGroup;
			children = (
				717903281BF48FC200428756 /* InterfaceController.h */,
				717903291BF48FC200428756 /* InterfaceController.m */,
				7179032B1BF48FC200428756 /* ExtensionDelegate.h */,
				7179032C1BF48FC200428756 /* ExtensionDelegate.m */,
				7179032E1BF48FC200428756 /* NotificationController.h */,
				7179032F1BF48FC200428756 /* NotificationController.m */,
				717903311BF48FC200428756 /* GlanceController.h */,
				717903321BF48FC200428756 /* GlanceController.m */,
				717903341BF48FC200428756 /* Assets.xcassets */,
				717903361BF48FC200428756 /* Info.plist */,
				717903261BF48FC200428756 /* Supporting Files */,
			);
			path = "Oncenote WatchKit Extension";
			sourceTree = "<group>";
		};
		717903261BF48FC200428756 /* Supporting Files */ = {
			isa = PBXGroup;
			children = (
				717903271BF48FC200428756 /* PushNotificationPayload.apns */,
			);
			name = "Supporting Files";
			sourceTree = "<group>";
		};
		718FF3A41BF63664009A3F6D /* Model */ = {
			isa = PBXGroup;
			children = (
				718FF3A51BF63687009A3F6D /* Constant.h */,
				718FF3A61BF63687009A3F6D /* Constant.m */,
				71BEC27C1BF717190003F173 /* Notes.h */,
				71BEC27D1BF717190003F173 /* Notes.m */,
				719AF3BB1BFB10CD009D602D /* SettingList.h */,
				719AF3BC1BFB10CD009D602D /* SettingList.m */,
			);
			name = Model;
			sourceTree = "<group>";
		};
		719AF3951BFA2F5A009D602D /* libs */ = {
			isa = PBXGroup;
			children = (
				719AF3961BFA2F6E009D602D /* MOBFoundation.framework */,
				719AF3971BFA2F6E009D602D /* SMS_SDK.framework */,
			);
			name = libs;
			sourceTree = "<group>";
		};
		71A793791BF5E6B400410FFC /* BmobUtils */ = {
			isa = PBXGroup;
			children = (
				71A7937A1BF5E75600410FFC /* BmobOperation.h */,
				71A7937B1BF5E75600410FFC /* BmobOperation.m */,
			);
			name = BmobUtils;
			sourceTree = "<group>";
		};
		71A7937D1BF5E76800410FFC /* ViewController */ = {
			isa = PBXGroup;
			children = (
				71BEC2881BF8BC100003F173 /* LaunchScreenViewController.h */,
				71BEC2891BF8BC100003F173 /* LaunchScreenViewController.m */,
				714257D41C01E2330070DF76 /* GuidePageViewController.h */,
				714257D51C01E2330070DF76 /* GuidePageViewController.m */,
				71A793731BF5B5F000410FFC /* LoginViewController.h */,
				71A793741BF5B5F000410FFC /* LoginViewController.m */,
				717902EE1BF48FC100428756 /* MainViewController.h */,
				717902EF1BF48FC100428756 /* MainViewController.m */,
				719AF3C71BFC4CB3009D602D /* ForgetPasswordViewController.h */,
				719AF3C81BFC4CB3009D602D /* ForgetPasswordViewController.m */,
				71A793761BF5CDCA00410FFC /* RegisterViewController.h */,
				71A793771BF5CDCA00410FFC /* RegisterViewController.m */,
				718FF3A11BF623B7009A3F6D /* AddNoteViewController.h */,
				718FF3A21BF623B7009A3F6D /* AddNoteViewController.m */,
				71BEC27F1BF753080003F173 /* NoteDetailViewController.h */,
				71BEC2801BF753080003F173 /* NoteDetailViewController.m */,
				71BEC2821BF76C6F0003F173 /* AllNotesViewController.h */,
				71BEC2831BF76C6F0003F173 /* AllNotesViewController.m */,
				71BEC2851BF8485D0003F173 /* AllNoteDetailViewController.h */,
				71BEC2861BF8485D0003F173 /* AllNoteDetailViewController.m */,
				719AF3B81BFB0440009D602D /* SettingViewController.h */,
				719AF3B91BFB0440009D602D /* SettingViewController.m */,
				719AF3BE1BFB18DE009D602D /* NicknameViewController.h */,
				719AF3BF1BFB18DE009D602D /* NicknameViewController.m */,
				719AF3C11BFB5973009D602D /* AboutAppViewController.h */,
				719AF3C21BFB5973009D602D /* AboutAppViewController.m */,
				719AF3C41BFB5E21009D602D /* UpdatePasswordViewController.h */,
				719AF3C51BFB5E21009D602D /* UpdatePasswordViewController.m */,
			);
			name = ViewController;
			sourceTree = "<group>";
		};
		71A7937E1BF5E78100410FFC /* Other */ = {
			isa = PBXGroup;
			children = (
				717902EB1BF48FC100428756 /* AppDelegate.h */,
				717902EC1BF48FC100428756 /* AppDelegate.m */,
			);
			name = Other;
			sourceTree = "<group>";
		};
		71A7937F1BF5E79F00410FFC /* View */ = {
			isa = PBXGroup;
			children = (
				717902F11BF48FC100428756 /* Main.storyboard */,
				717902F61BF48FC100428756 /* LaunchScreen.storyboard */,
			);
			name = View;
			sourceTree = "<group>";
		};
		71A793801BF5E7AD00410FFC /* Resource */ = {
			isa = PBXGroup;
			children = (
				715CB76C1BF99B1A0079DB35 /* shareImg.png */,
				717902F41BF48FC100428756 /* Assets.xcassets */,
				717902F91BF48FC100428756 /* Info.plist */,
			);
			name = Resource;
			sourceTree = "<group>";
		};
		71BEC28B1BF8C7540003F173 /* Utils */ = {
			isa = PBXGroup;
			children = (
				71BEC28C1BF8C7830003F173 /* AllUtils.h */,
				71BEC28D1BF8C7830003F173 /* AllUtils.m */,
			);
			name = Utils;
			sourceTree = "<group>";
		};
		8B14324862D18D17F50003F0 /* Pods */ = {
			isa = PBXGroup;
			children = (
				042E519FF0D448E00C6B94EE /* Pods.debug.xcconfig */,
				C6D3406A90F2A54E2CBA0100 /* Pods.release.xcconfig */,
			);
			name = Pods;
			sourceTree = "<group>";
		};
/* End PBXGroup section */

/* Begin PBXNativeTarget section */
		717902E41BF48FC100428756 /* Oncenote */ = {
			isa = PBXNativeTarget;
			buildConfigurationList = 717903411BF48FC200428756 /* Build configuration list for PBXNativeTarget "Oncenote" */;
			buildPhases = (
				F8A4E5F537813F7523CE005B /* Check Pods Manifest.lock */,
				717902E11BF48FC100428756 /* Sources */,
				717902E21BF48FC100428756 /* Frameworks */,
				717902E31BF48FC100428756 /* Resources */,
				717903401BF48FC200428756 /* Embed Watch Content */,
				E99E4BFD256A7559C797090E /* Embed Pods Frameworks */,
				DBBFCD0AD476D1D366C4FB14 /* Copy Pods Resources */,
			);
			buildRules = (
			);
			dependencies = (
				717903151BF48FC200428756 /* PBXTargetDependency */,
			);
			name = Oncenote;
			productName = Oncenote;
			productReference = 717902E51BF48FC100428756 /* Oncenote.app */;
			productType = "com.apple.product-type.application";
		};
		717902FD1BF48FC200428756 /* OncenoteTests */ = {
			isa = PBXNativeTarget;
			buildConfigurationList = 717903441BF48FC200428756 /* Build configuration list for PBXNativeTarget "OncenoteTests" */;
			buildPhases = (
				717902FA1BF48FC200428756 /* Sources */,
				717902FB1BF48FC200428756 /* Frameworks */,
				717902FC1BF48FC200428756 /* Resources */,
			);
			buildRules = (
			);
			dependencies = (
				717903001BF48FC200428756 /* PBXTargetDependency */,
			);
			name = OncenoteTests;
			productName = OncenoteTests;
			productReference = 717902FE1BF48FC200428756 /* OncenoteTests.xctest */;
			productType = "com.apple.product-type.bundle.unit-test";
		};
		717903081BF48FC200428756 /* OncenoteUITests */ = {
			isa = PBXNativeTarget;
			buildConfigurationList = 717903471BF48FC200428756 /* Build configuration list for PBXNativeTarget "OncenoteUITests" */;
			buildPhases = (
				717903051BF48FC200428756 /* Sources */,
				717903061BF48FC200428756 /* Frameworks */,
				717903071BF48FC200428756 /* Resources */,
			);
			buildRules = (
			);
			dependencies = (
				7179030B1BF48FC200428756 /* PBXTargetDependency */,
			);
			name = OncenoteUITests;
			productName = OncenoteUITests;
			productReference = 717903091BF48FC200428756 /* OncenoteUITests.xctest */;
			productType = "com.apple.product-type.bundle.ui-testing";
		};
		717903111BF48FC200428756 /* Oncenote WatchKit App */ = {
			isa = PBXNativeTarget;
			buildConfigurationList = 7179033D1BF48FC200428756 /* Build configuration list for PBXNativeTarget "Oncenote WatchKit App" */;
			buildPhases = (
				717903101BF48FC200428756 /* Resources */,
				7179033C1BF48FC200428756 /* Embed App Extensions */,
			);
			buildRules = (
			);
			dependencies = (
				717903241BF48FC200428756 /* PBXTargetDependency */,
			);
			name = "Oncenote WatchKit App";
			productName = "Oncenote WatchKit App";
			productReference = 717903121BF48FC200428756 /* Oncenote WatchKit App.app */;
			productType = "com.apple.product-type.application.watchapp2";
		};
		717903201BF48FC200428756 /* Oncenote WatchKit Extension */ = {
			isa = PBXNativeTarget;
			buildConfigurationList = 717903391BF48FC200428756 /* Build configuration list for PBXNativeTarget "Oncenote WatchKit Extension" */;
			buildPhases = (
				7179031D1BF48FC200428756 /* Sources */,
				7179031E1BF48FC200428756 /* Frameworks */,
				7179031F1BF48FC200428756 /* Resources */,
			);
			buildRules = (
			);
			dependencies = (
			);
			name = "Oncenote WatchKit Extension";
			productName = "Oncenote WatchKit Extension";
			productReference = 717903211BF48FC200428756 /* Oncenote WatchKit Extension.appex */;
			productType = "com.apple.product-type.watchkit2-extension";
		};
/* End PBXNativeTarget section */

/* Begin PBXProject section */
		717902DD1BF48FC100428756 /* Project object */ = {
			isa = PBXProject;
			attributes = {
				LastUpgradeCheck = 0700;
				ORGANIZATIONNAME = chenyufengweb;
				TargetAttributes = {
					717902E41BF48FC100428756 = {
						CreatedOnToolsVersion = 7.0.1;
						DevelopmentTeam = FA2863D27N;
					};
					717902FD1BF48FC200428756 = {
						CreatedOnToolsVersion = 7.0.1;
						DevelopmentTeam = FA2863D27N;
						TestTargetID = 717902E41BF48FC100428756;
					};
					717903081BF48FC200428756 = {
						CreatedOnToolsVersion = 7.0.1;
						DevelopmentTeam = FA2863D27N;
						TestTargetID = 717902E41BF48FC100428756;
					};
					717903111BF48FC200428756 = {
						CreatedOnToolsVersion = 7.0.1;
						DevelopmentTeam = FA2863D27N;
					};
					717903201BF48FC200428756 = {
						CreatedOnToolsVersion = 7.0.1;
						DevelopmentTeam = FA2863D27N;
					};
				};
			};
			buildConfigurationList = 717902E01BF48FC100428756 /* Build configuration list for PBXProject "Oncenote" */;
			compatibilityVersion = "Xcode 3.2";
			developmentRegion = English;
			hasScannedForEncodings = 0;
			knownRegions = (
				en,
				Base,
			);
			mainGroup = 717902DC1BF48FC100428756;
			productRefGroup = 717902E61BF48FC100428756 /* Products */;
			projectDirPath = "";
			projectRoot = "";
			targets = (
				717902E41BF48FC100428756 /* Oncenote */,
				717902FD1BF48FC200428756 /* OncenoteTests */,
				717903081BF48FC200428756 /* OncenoteUITests */,
				717903111BF48FC200428756 /* Oncenote WatchKit App */,
				717903201BF48FC200428756 /* Oncenote WatchKit Extension */,
			);
		};
/* End PBXProject section */

/* Begin PBXResourcesBuildPhase section */
		717902E31BF48FC100428756 /* Resources */ = {
			isa = PBXResourcesBuildPhase;
			buildActionMask = 2147483647;
			files = (
				717902F81BF48FC100428756 /* LaunchScreen.storyboard in Resources */,
				717902F51BF48FC100428756 /* Assets.xcassets in Resources */,
				717902F31BF48FC100428756 /* Main.storyboard in Resources */,
				715CB76D1BF99B1A0079DB35 /* shareImg.png in Resources */,
			);
			runOnlyForDeploymentPostprocessing = 0;
		};
		717902FC1BF48FC200428756 /* Resources */ = {
			isa = PBXResourcesBuildPhase;
			buildActionMask = 2147483647;
			files = (
			);
			runOnlyForDeploymentPostprocessing = 0;
		};
		717903071BF48FC200428756 /* Resources */ = {
			isa = PBXResourcesBuildPhase;
			buildActionMask = 2147483647;
			files = (
			);
			runOnlyForDeploymentPostprocessing = 0;
		};
		717903101BF48FC200428756 /* Resources */ = {
			isa = PBXResourcesBuildPhase;
			buildActionMask = 2147483647;
			files = (
				7179031B1BF48FC200428756 /* Assets.xcassets in Resources */,
				717903191BF48FC200428756 /* Interface.storyboard in Resources */,
			);
			runOnlyForDeploymentPostprocessing = 0;
		};
		7179031F1BF48FC200428756 /* Resources */ = {
			isa = PBXResourcesBuildPhase;
			buildActionMask = 2147483647;
			files = (
				717903351BF48FC200428756 /* Assets.xcassets in Resources */,
			);
			runOnlyForDeploymentPostprocessing = 0;
		};
/* End PBXResourcesBuildPhase section */

/* Begin PBXShellScriptBuildPhase section */
		DBBFCD0AD476D1D366C4FB14 /* Copy Pods Resources */ = {
			isa = PBXShellScriptBuildPhase;
			buildActionMask = 2147483647;
			files = (
			);
			inputPaths = (
			);
			name = "Copy Pods Resources";
			outputPaths = (
			);
			runOnlyForDeploymentPostprocessing = 0;
			shellPath = /bin/sh;
			shellScript = "\"${SRCROOT}/Pods/Target Support Files/Pods/Pods-resources.sh\"\n";
			showEnvVarsInLog = 0;
		};
		E99E4BFD256A7559C797090E /* Embed Pods Frameworks */ = {
			isa = PBXShellScriptBuildPhase;
			buildActionMask = 2147483647;
			files = (
			);
			inputPaths = (
			);
			name = "Embed Pods Frameworks";
			outputPaths = (
			);
			runOnlyForDeploymentPostprocessing = 0;
			shellPath = /bin/sh;
			shellScript = "\"${SRCROOT}/Pods/Target Support Files/Pods/Pods-frameworks.sh\"\n";
			showEnvVarsInLog = 0;
		};
		F8A4E5F537813F7523CE005B /* Check Pods Manifest.lock */ = {
			isa = PBXShellScriptBuildPhase;
			buildActionMask = 2147483647;
			files = (
			);
			inputPaths = (
			);
			name = "Check Pods Manifest.lock";
			outputPaths = (
			);
			runOnlyForDeploymentPostprocessing = 0;
			shellPath = /bin/sh;
			shellScript = "diff \"${PODS_ROOT}/../Podfile.lock\" \"${PODS_ROOT}/Manifest.lock\" > /dev/null\nif [[ $? != 0 ]] ; then\n    cat << EOM\nerror: The sandbox is not in sync with the Podfile.lock. Run 'pod install' or update your CocoaPods installation.\nEOM\n    exit 1\nfi\n";
			showEnvVarsInLog = 0;
		};
/* End PBXShellScriptBuildPhase section */

/* Begin PBXSourcesBuildPhase section */
		717902E11BF48FC100428756 /* Sources */ = {
			isa = PBXSourcesBuildPhase;
			buildActionMask = 2147483647;
			files = (
				719AF3C31BFB5973009D602D /* AboutAppViewController.m in Sources */,
				714257D61C01E2330070DF76 /* GuidePageViewController.m in Sources */,
				71A793781BF5CDCA00410FFC /* RegisterViewController.m in Sources */,
				719AF3C91BFC4CB3009D602D /* ForgetPasswordViewController.m in Sources */,
				718FF3A31BF623B7009A3F6D /* AddNoteViewController.m in Sources */,
				719AF3BD1BFB10CD009D602D /* SettingList.m in Sources */,
				719AF3C61BFB5E21009D602D /* UpdatePasswordViewController.m in Sources */,
				71A7937C1BF5E75600410FFC /* BmobOperation.m in Sources */,
				71BEC27E1BF717190003F173 /* Notes.m in Sources */,
				71A793751BF5B5F000410FFC /* LoginViewController.m in Sources */,
				71BEC2841BF76C6F0003F173 /* AllNotesViewController.m in Sources */,
				71BEC2811BF753080003F173 /* NoteDetailViewController.m in Sources */,
				717902F01BF48FC100428756 /* MainViewController.m in Sources */,
				717902ED1BF48FC100428756 /* AppDelegate.m in Sources */,
				71BEC2871BF8485D0003F173 /* AllNoteDetailViewController.m in Sources */,
				717902EA1BF48FC100428756 /* main.m in Sources */,
				71BEC28A1BF8BC100003F173 /* LaunchScreenViewController.m in Sources */,
				719AF3C01BFB18DE009D602D /* NicknameViewController.m in Sources */,
				718FF3A71BF63687009A3F6D /* Constant.m in Sources */,
				71BEC28E1BF8C7830003F173 /* AllUtils.m in Sources */,
				719AF3BA1BFB0440009D602D /* SettingViewController.m in Sources */,
			);
			runOnlyForDeploymentPostprocessing = 0;
		};
		717902FA1BF48FC200428756 /* Sources */ = {
			isa = PBXSourcesBuildPhase;
			buildActionMask = 2147483647;
			files = (
				717903031BF48FC200428756 /* OncenoteTests.m in Sources */,
			);
			runOnlyForDeploymentPostprocessing = 0;
		};
		717903051BF48FC200428756 /* Sources */ = {
			isa = PBXSourcesBuildPhase;
			buildActionMask = 2147483647;
			files = (
				7179030E1BF48FC200428756 /* OncenoteUITests.m in Sources */,
			);
			runOnlyForDeploymentPostprocessing = 0;
		};
		7179031D1BF48FC200428756 /* Sources */ = {
			isa = PBXSourcesBuildPhase;
			buildActionMask = 2147483647;
			files = (
				7179032D1BF48FC200428756 /* ExtensionDelegate.m in Sources */,
				7179032A1BF48FC200428756 /* InterfaceController.m in Sources */,
				717903301BF48FC200428756 /* NotificationController.m in Sources */,
				717903331BF48FC200428756 /* GlanceController.m in Sources */,
			);
			runOnlyForDeploymentPostprocessing = 0;
		};
/* End PBXSourcesBuildPhase section */

/* Begin PBXTargetDependency section */
		717903001BF48FC200428756 /* PBXTargetDependency */ = {
			isa = PBXTargetDependency;
			target = 717902E41BF48FC100428756 /* Oncenote */;
			targetProxy = 717902FF1BF48FC200428756 /* PBXContainerItemProxy */;
		};
		7179030B1BF48FC200428756 /* PBXTargetDependency */ = {
			isa = PBXTargetDependency;
			target = 717902E41BF48FC100428756 /* Oncenote */;
			targetProxy = 7179030A1BF48FC200428756 /* PBXContainerItemProxy */;
		};
		717903151BF48FC200428756 /* PBXTargetDependency */ = {
			isa = PBXTargetDependency;
			target = 717903111BF48FC200428756 /* Oncenote WatchKit App */;
			targetProxy = 717903141BF48FC200428756 /* PBXContainerItemProxy */;
		};
		717903241BF48FC200428756 /* PBXTargetDependency */ = {
			isa = PBXTargetDependency;
			target = 717903201BF48FC200428756 /* Oncenote WatchKit Extension */;
			targetProxy = 717903231BF48FC200428756 /* PBXContainerItemProxy */;
		};
/* End PBXTargetDependency section */

/* Begin PBXVariantGroup section */
		717902F11BF48FC100428756 /* Main.storyboard */ = {
			isa = PBXVariantGroup;
			children = (
				717902F21BF48FC100428756 /* Base */,
			);
			name = Main.storyboard;
			sourceTree = "<group>";
		};
		717902F61BF48FC100428756 /* LaunchScreen.storyboard */ = {
			isa = PBXVariantGroup;
			children = (
				717902F71BF48FC100428756 /* Base */,
			);
			name = LaunchScreen.storyboard;
			sourceTree = "<group>";
		};
		717903171BF48FC200428756 /* Interface.storyboard */ = {
			isa = PBXVariantGroup;
			children = (
				717903181BF48FC200428756 /* Base */,
			);
			name = Interface.storyboard;
			sourceTree = "<group>";
		};
/* End PBXVariantGroup section */

/* Begin XCBuildConfiguration section */
		717903371BF48FC200428756 /* Debug */ = {
			isa = XCBuildConfiguration;
			buildSettings = {
				ALWAYS_SEARCH_USER_PATHS = NO;
				CLANG_CXX_LANGUAGE_STANDARD = "gnu++0x";
				CLANG_CXX_LIBRARY = "libc++";
				CLANG_ENABLE_MODULES = YES;
				CLANG_ENABLE_OBJC_ARC = YES;
				CLANG_WARN_BOOL_CONVERSION = YES;
				CLANG_WARN_CONSTANT_CONVERSION = YES;
				CLANG_WARN_DIRECT_OBJC_ISA_USAGE = YES_ERROR;
				CLANG_WARN_EMPTY_BODY = YES;
				CLANG_WARN_ENUM_CONVERSION = YES;
				CLANG_WARN_INT_CONVERSION = YES;
				CLANG_WARN_OBJC_ROOT_CLASS = YES_ERROR;
				CLANG_WARN_UNREACHABLE_CODE = YES;
				CLANG_WARN__DUPLICATE_METHOD_MATCH = YES;
				"CODE_SIGN_IDENTITY[sdk=iphoneos*]" = "iPhone Developer";
				COPY_PHASE_STRIP = NO;
				DEBUG_INFORMATION_FORMAT = dwarf;
				ENABLE_BITCODE = YES;
				ENABLE_STRICT_OBJC_MSGSEND = YES;
				ENABLE_TESTABILITY = YES;
				GCC_C_LANGUAGE_STANDARD = gnu99;
				GCC_DYNAMIC_NO_PIC = NO;
				GCC_NO_COMMON_BLOCKS = YES;
				GCC_OPTIMIZATION_LEVEL = 0;
				GCC_PREPROCESSOR_DEFINITIONS = (
					"DEBUG=1",
					"$(inherited)",
				);
				GCC_WARN_64_TO_32_BIT_CONVERSION = YES;
				GCC_WARN_ABOUT_RETURN_TYPE = YES_ERROR;
				GCC_WARN_UNDECLARED_SELECTOR = YES;
				GCC_WARN_UNINITIALIZED_AUTOS = YES_AGGRESSIVE;
				GCC_WARN_UNUSED_FUNCTION = YES;
				GCC_WARN_UNUSED_VARIABLE = YES;
				IPHONEOS_DEPLOYMENT_TARGET = 9.0;
				MTL_ENABLE_DEBUG_INFO = YES;
				ONLY_ACTIVE_ARCH = YES;
				SDKROOT = iphoneos;
				TARGETED_DEVICE_FAMILY = "1,2";
			};
			name = Debug;
		};
		717903381BF48FC200428756 /* Release */ = {
			isa = XCBuildConfiguration;
			buildSettings = {
				ALWAYS_SEARCH_USER_PATHS = NO;
				CLANG_CXX_LANGUAGE_STANDARD = "gnu++0x";
				CLANG_CXX_LIBRARY = "libc++";
				CLANG_ENABLE_MODULES = YES;
				CLANG_ENABLE_OBJC_ARC = YES;
				CLANG_WARN_BOOL_CONVERSION = YES;
				CLANG_WARN_CONSTANT_CONVERSION = YES;
				CLANG_WARN_DIRECT_OBJC_ISA_USAGE = YES_ERROR;
				CLANG_WARN_EMPTY_BODY = YES;
				CLANG_WARN_ENUM_CONVERSION = YES;
				CLANG_WARN_INT_CONVERSION = YES;
				CLANG_WARN_OBJC_ROOT_CLASS = YES_ERROR;
				CLANG_WARN_UNREACHABLE_CODE = YES;
				CLANG_WARN__DUPLICATE_METHOD_MATCH = YES;
				"CODE_SIGN_IDENTITY[sdk=iphoneos*]" = "iPhone Developer";
				COPY_PHASE_STRIP = NO;
				DEBUG_INFORMATION_FORMAT = "dwarf-with-dsym";
				ENABLE_BITCODE = YES;
				ENABLE_NS_ASSERTIONS = NO;
				ENABLE_STRICT_OBJC_MSGSEND = YES;
				GCC_C_LANGUAGE_STANDARD = gnu99;
				GCC_NO_COMMON_BLOCKS = YES;
				GCC_WARN_64_TO_32_BIT_CONVERSION = YES;
				GCC_WARN_ABOUT_RETURN_TYPE = YES_ERROR;
				GCC_WARN_UNDECLARED_SELECTOR = YES;
				GCC_WARN_UNINITIALIZED_AUTOS = YES_AGGRESSIVE;
				GCC_WARN_UNUSED_FUNCTION = YES;
				GCC_WARN_UNUSED_VARIABLE = YES;
				IPHONEOS_DEPLOYMENT_TARGET = 9.0;
				MTL_ENABLE_DEBUG_INFO = NO;
				SDKROOT = iphoneos;
				TARGETED_DEVICE_FAMILY = "1,2";
				VALIDATE_PRODUCT = YES;
			};
			name = Release;
		};
		7179033A1BF48FC200428756 /* Debug */ = {
			isa = XCBuildConfiguration;
			buildSettings = {
				INFOPLIST_FILE = "Oncenote WatchKit Extension/Info.plist";
				LD_RUNPATH_SEARCH_PATHS = "$(inherited) @executable_path/Frameworks @executable_path/../../Frameworks";
				PRODUCT_BUNDLE_IDENTIFIER = com.chenyufengweb.Oncenote.watchkitapp.watchkitextension;
				PRODUCT_NAME = "${TARGET_NAME}";
				SDKROOT = watchos;
				SKIP_INSTALL = YES;
				TARGETED_DEVICE_FAMILY = 4;
				WATCHOS_DEPLOYMENT_TARGET = 2.0;
			};
			name = Debug;
		};
		7179033B1BF48FC200428756 /* Release */ = {
			isa = XCBuildConfiguration;
			buildSettings = {
				INFOPLIST_FILE = "Oncenote WatchKit Extension/Info.plist";
				LD_RUNPATH_SEARCH_PATHS = "$(inherited) @executable_path/Frameworks @executable_path/../../Frameworks";
				PRODUCT_BUNDLE_IDENTIFIER = com.chenyufengweb.Oncenote.watchkitapp.watchkitextension;
				PRODUCT_NAME = "${TARGET_NAME}";
				SDKROOT = watchos;
				SKIP_INSTALL = YES;
				TARGETED_DEVICE_FAMILY = 4;
				WATCHOS_DEPLOYMENT_TARGET = 2.0;
			};
			name = Release;
		};
		7179033E1BF48FC200428756 /* Debug */ = {
			isa = XCBuildConfiguration;
			buildSettings = {
				ASSETCATALOG_COMPILER_APPICON_NAME = AppIcon;
				IBSC_MODULE = Oncenote_WatchKit_Extension;
				INFOPLIST_FILE = "Oncenote WatchKit App/Info.plist";
				PRODUCT_BUNDLE_IDENTIFIER = com.chenyufengweb.Oncenote.watchkitapp;
				PRODUCT_NAME = "$(TARGET_NAME)";
				SDKROOT = watchos;
				SKIP_INSTALL = YES;
				TARGETED_DEVICE_FAMILY = 4;
				WATCHOS_DEPLOYMENT_TARGET = 2.0;
			};
			name = Debug;
		};
		7179033F1BF48FC200428756 /* Release */ = {
			isa = XCBuildConfiguration;
			buildSettings = {
				ASSETCATALOG_COMPILER_APPICON_NAME = AppIcon;
				IBSC_MODULE = Oncenote_WatchKit_Extension;
				INFOPLIST_FILE = "Oncenote WatchKit App/Info.plist";
				PRODUCT_BUNDLE_IDENTIFIER = com.chenyufengweb.Oncenote.watchkitapp;
				PRODUCT_NAME = "$(TARGET_NAME)";
				SDKROOT = watchos;
				SKIP_INSTALL = YES;
				TARGETED_DEVICE_FAMILY = 4;
				WATCHOS_DEPLOYMENT_TARGET = 2.0;
			};
			name = Release;
		};
		717903421BF48FC200428756 /* Debug */ = {
			isa = XCBuildConfiguration;
			baseConfigurationReference = 042E519FF0D448E00C6B94EE /* Pods.debug.xcconfig */;
			buildSettings = {
				ASSETCATALOG_COMPILER_APPICON_NAME = AppIcon;
				ENABLE_BITCODE = YES;
				FRAMEWORK_SEARCH_PATHS = (
					"$(inherited)",
					"$(PROJECT_DIR)/Oncenote",
				);
				INFOPLIST_FILE = Oncenote/Info.plist;
				LD_RUNPATH_SEARCH_PATHS = "$(inherited) @executable_path/Frameworks";
				PRODUCT_BUNDLE_IDENTIFIER = com.chenyufengweb.Oncenote;
				PRODUCT_NAME = "$(TARGET_NAME)";
			};
			name = Debug;
		};
		717903431BF48FC200428756 /* Release */ = {
			isa = XCBuildConfiguration;
			baseConfigurationReference = C6D3406A90F2A54E2CBA0100 /* Pods.release.xcconfig */;
			buildSettings = {
				ASSETCATALOG_COMPILER_APPICON_NAME = AppIcon;
				ENABLE_BITCODE = YES;
				FRAMEWORK_SEARCH_PATHS = (
					"$(inherited)",
					"$(PROJECT_DIR)/Oncenote",
				);
				INFOPLIST_FILE = Oncenote/Info.plist;
				LD_RUNPATH_SEARCH_PATHS = "$(inherited) @executable_path/Frameworks";
				PRODUCT_BUNDLE_IDENTIFIER = com.chenyufengweb.Oncenote;
				PRODUCT_NAME = "$(TARGET_NAME)";
			};
			name = Release;
		};
		717903451BF48FC200428756 /* Debug */ = {
			isa = XCBuildConfiguration;
			buildSettings = {
				BUNDLE_LOADER = "$(TEST_HOST)";
				INFOPLIST_FILE = OncenoteTests/Info.plist;
				LD_RUNPATH_SEARCH_PATHS = "$(inherited) @executable_path/Frameworks @loader_path/Frameworks";
				PRODUCT_BUNDLE_IDENTIFIER = com.chenyufengweb.OncenoteTests;
				PRODUCT_NAME = "$(TARGET_NAME)";
				TEST_HOST = "$(BUILT_PRODUCTS_DIR)/Oncenote.app/Oncenote";
			};
			name = Debug;
		};
		717903461BF48FC200428756 /* Release */ = {
			isa = XCBuildConfiguration;
			buildSettings = {
				BUNDLE_LOADER = "$(TEST_HOST)";
				INFOPLIST_FILE = OncenoteTests/Info.plist;
				LD_RUNPATH_SEARCH_PATHS = "$(inherited) @executable_path/Frameworks @loader_path/Frameworks";
				PRODUCT_BUNDLE_IDENTIFIER = com.chenyufengweb.OncenoteTests;
				PRODUCT_NAME = "$(TARGET_NAME)";
				TEST_HOST = "$(BUILT_PRODUCTS_DIR)/Oncenote.app/Oncenote";
			};
			name = Release;
		};
		717903481BF48FC200428756 /* Debug */ = {
			isa = XCBuildConfiguration;
			buildSettings = {
				INFOPLIST_FILE = OncenoteUITests/Info.plist;
				LD_RUNPATH_SEARCH_PATHS = "$(inherited) @executable_path/Frameworks @loader_path/Frameworks";
				PRODUCT_BUNDLE_IDENTIFIER = com.chenyufengweb.OncenoteUITests;
				PRODUCT_NAME = "$(TARGET_NAME)";
				TEST_TARGET_NAME = Oncenote;
				USES_XCTRUNNER = YES;
			};
			name = Debug;
		};
		717903491BF48FC200428756 /* Release */ = {
			isa = XCBuildConfiguration;
			buildSettings = {
				INFOPLIST_FILE = OncenoteUITests/Info.plist;
				LD_RUNPATH_SEARCH_PATHS = "$(inherited) @executable_path/Frameworks @loader_path/Frameworks";
				PRODUCT_BUNDLE_IDENTIFIER = com.chenyufengweb.OncenoteUITests;
				PRODUCT_NAME = "$(TARGET_NAME)";
				TEST_TARGET_NAME = Oncenote;
				USES_XCTRUNNER = YES;
			};
			name = Release;
		};
/* End XCBuildConfiguration section */

/* Begin XCConfigurationList section */
		717902E01BF48FC100428756 /* Build configuration list for PBXProject "Oncenote" */ = {
			isa = XCConfigurationList;
			buildConfigurations = (
				717903371BF48FC200428756 /* Debug */,
				717903381BF48FC200428756 /* Release */,
			);
			defaultConfigurationIsVisible = 0;
			defaultConfigurationName = Release;
		};
		717903391BF48FC200428756 /* Build configuration list for PBXNativeTarget "Oncenote WatchKit Extension" */ = {
			isa = XCConfigurationList;
			buildConfigurations = (
				7179033A1BF48FC200428756 /* Debug */,
				7179033B1BF48FC200428756 /* Release */,
			);
			defaultConfigurationIsVisible = 0;
			defaultConfigurationName = Release;
		};
		7179033D1BF48FC200428756 /* Build configuration list for PBXNativeTarget "Oncenote WatchKit App" */ = {
			isa = XCConfigurationList;
			buildConfigurations = (
				7179033E1BF48FC200428756 /* Debug */,
				7179033F1BF48FC200428756 /* Release */,
			);
			defaultConfigurationIsVisible = 0;
			defaultConfigurationName = Release;
		};
		717903411BF48FC200428756 /* Build configuration list for PBXNativeTarget "Oncenote" */ = {
			isa = XCConfigurationList;
			buildConfigurations = (
				717903421BF48FC200428756 /* Debug */,
				717903431BF48FC200428756 /* Release */,
			);
			defaultConfigurationIsVisible = 0;
			defaultConfigurationName = Release;
		};
		717903441BF48FC200428756 /* Build configuration list for PBXNativeTarget "OncenoteTests" */ = {
			isa = XCConfigurationList;
			buildConfigurations = (
				717903451BF48FC200428756 /* Debug */,
				717903461BF48FC200428756 /* Release */,
			);
			defaultConfigurationIsVisible = 0;
			defaultConfigurationName = Release;
		};
		717903471BF48FC200428756 /* Build configuration list for PBXNativeTarget "OncenoteUITests" */ = {
			isa = XCConfigurationList;
			buildConfigurations = (
				717903481BF48FC200428756 /* Debug */,
				717903491BF48FC200428756 /* Release */,
			);
			defaultConfigurationIsVisible = 0;
			defaultConfigurationName = Release;
		};
/* End XCConfigurationList section */
	};
	rootObject = 717902DD1BF48FC100428756 /* Project object */;
}
